// !$*UTF8*$!
{
	archiveVersion = 1;
	classes = {
	};
	objectVersion = 56;
	objects = {

/* Begin PBXBuildFile section */
		301A21C12A7F4F3B00FAD1BF /* Chapter10App.swift in Sources */ = {isa = PBXBuildFile; fileRef = 301A21C02A7F4F3B00FAD1BF /* Chapter10App.swift */; };
		301A21C32A7F4F3B00FAD1BF /* ContentView.swift in Sources */ = {isa = PBXBuildFile; fileRef = 301A21C22A7F4F3B00FAD1BF /* ContentView.swift */; };
		301A21C52A7F4F4000FAD1BF /* Assets.xcassets in Resources */ = {isa = PBXBuildFile; fileRef = 301A21C42A7F4F4000FAD1BF /* Assets.xcassets */; };
		301A21C82A7F4F4000FAD1BF /* Preview Assets.xcassets in Resources */ = {isa = PBXBuildFile; fileRef = 301A21C72A7F4F4000FAD1BF /* Preview Assets.xcassets */; };
		301A21D82A7F4F5C00FAD1BF /* DonutChartView.swift in Sources */ = {isa = PBXBuildFile; fileRef = 301A21CF2A7F4F5B00FAD1BF /* DonutChartView.swift */; };
		301A21D92A7F4F5C00FAD1BF /* LineChartView.swift in Sources */ = {isa = PBXBuildFile; fileRef = 301A21D02A7F4F5B00FAD1BF /* LineChartView.swift */; };
		301A21DA2A7F4F5C00FAD1BF /* BarChartView.swift in Sources */ = {isa = PBXBuildFile; fileRef = 301A21D12A7F4F5B00FAD1BF /* BarChartView.swift */; };
		301A21DB2A7F4F5C00FAD1BF /* PieChartView.swift in Sources */ = {isa = PBXBuildFile; fileRef = 301A21D22A7F4F5B00FAD1BF /* PieChartView.swift */; };
		301A21DC2A7F4F5C00FAD1BF /* GraphType.swift in Sources */ = {isa = PBXBuildFile; fileRef = 301A21D42A7F4F5B00FAD1BF /* GraphType.swift */; };
		301A21DD2A7F4F5C00FAD1BF /* MonthlySpending.swift in Sources */ = {isa = PBXBuildFile; fileRef = 301A21D52A7F4F5B00FAD1BF /* MonthlySpending.swift */; };
		301A21DE2A7F4F5C00FAD1BF /* ChartViewModel.swift in Sources */ = {isa = PBXBuildFile; fileRef = 301A21D72A7F4F5C00FAD1BF /* ChartViewModel.swift */; };
/* End PBXBuildFile section */

/* Begin PBXFileReference section */
		301A21BD2A7F4F3B00FAD1BF /* Chapter10.app */ = {isa = PBXFileReference; explicitFileType = wrapper.application; includeInIndex = 0; path = Chapter10.app; sourceTree = BUILT_PRODUCTS_DIR; };
		301A21C02A7F4F3B00FAD1BF /* Chapter10App.swift */ = {isa = PBXFileReference; lastKnownFileType = sourcecode.swift; path = Chapter10App.swift; sourceTree = "<group>"; };
		301A21C22A7F4F3B00FAD1BF /* ContentView.swift */ = {isa = PBXFileReference; lastKnownFileType = sourcecode.swift; path = ContentView.swift; sourceTree = "<group>"; };
		301A21C42A7F4F4000FAD1BF /* Assets.xcassets */ = {isa = PBXFileReference; lastKnownFileType = folder.assetcatalog; path = Assets.xcassets; sourceTree = "<group>"; };
		301A21C72A7F4F4000FAD1BF /* Preview Assets.xcassets */ = {isa = PBXFileReference; lastKnownFileType = folder.assetcatalog; path = "Preview Assets.xcassets"; sourceTree = "<group>"; };
		301A21CF2A7F4F5B00FAD1BF /* DonutChartView.swift */ = {isa = PBXFileReference; fileEncoding = 4; lastKnownFileType = sourcecode.swift; path = DonutChartView.swift; sourceTree = "<group>"; };
		301A21D02A7F4F5B00FAD1BF /* LineChartView.swift */ = {isa = PBXFileReference; fileEncoding = 4; lastKnownFileType = sourcecode.swift; path = LineChartView.swift; sourceTree = "<group>"; };
		301A21D12A7F4F5B00FAD1BF /* BarChartView.swift */ = {isa = PBXFileReference; fileEncoding = 4; lastKnownFileType = sourcecode.swift; path = BarChartView.swift; sourceTree = "<group>"; };
		301A21D22A7F4F5B00FAD1BF /* PieChartView.swift */ = {isa = PBXFileReference; fileEncoding = 4; lastKnownFileType = sourcecode.swift; path = PieChartView.swift; sourceTree = "<group>"; };
		301A21D42A7F4F5B00FAD1BF /* GraphType.swift */ = {isa = PBXFileReference; fileEncoding = 4; lastKnownFileType = sourcecode.swift; path = GraphType.swift; sourceTree = "<group>"; };
		301A21D52A7F4F5B00FAD1BF /* MonthlySpending.swift */ = {isa = PBXFileReference; fileEncoding = 4; lastKnownFileType = sourcecode.swift; path = MonthlySpending.swift; sourceTree = "<group>"; };
		301A21D72A7F4F5C00FAD1BF /* ChartViewModel.swift */ = {isa = PBXFileReference; fileEncoding = 4; lastKnownFileType = sourcecode.swift; path = ChartViewModel.swift; sourceTree = "<group>"; };
/* End PBXFileReference section */

/* Begin PBXFrameworksBuildPhase section */
		301A21BA2A7F4F3B00FAD1BF /* Frameworks */ = {
			isa = PBXFrameworksBuildPhase;
			buildActionMask = 2147483647;
			files = (
			);
			runOnlyForDeploymentPostprocessing = 0;
		};
/* End PBXFrameworksBuildPhase section */

/* Begin PBXGroup section */
		301A21B42A7F4F3B00FAD1BF = {
			isa = PBXGroup;
			children = (
				301A21BF2A7F4F3B00FAD1BF /* Chapter10 */,
				301A21BE2A7F4F3B00FAD1BF /* Products */,
			);
			sourceTree = "<group>";
		};
		301A21BE2A7F4F3B00FAD1BF /* Products */ = {
			isa = PBXGroup;
			children = (
				301A21BD2A7F4F3B00FAD1BF /* Chapter10.app */,
			);
			name = Products;
			sourceTree = "<group>";
		};
		301A21BF2A7F4F3B00FAD1BF /* Chapter10 */ = {
			isa = PBXGroup;
			children = (
				301A21D32A7F4F5B00FAD1BF /* Model */,
				301A21CE2A7F4F5B00FAD1BF /* View */,
				301A21D62A7F4F5C00FAD1BF /* ViewModel */,
				301A21C02A7F4F3B00FAD1BF /* Chapter10App.swift */,
				301A21C22A7F4F3B00FAD1BF /* ContentView.swift */,
				301A21C42A7F4F4000FAD1BF /* Assets.xcassets */,
				301A21C62A7F4F4000FAD1BF /* Preview Content */,
			);
			path = Chapter10;
			sourceTree = "<group>";
		};
		301A21C62A7F4F4000FAD1BF /* Preview Content */ = {
			isa = PBXGroup;
			children = (
				301A21C72A7F4F4000FAD1BF /* Preview Assets.xcassets */,
			);
			path = "Preview Content";
			sourceTree = "<group>";
		};
		301A21CE2A7F4F5B00FAD1BF /* View */ = {
			isa = PBXGroup;
			children = (
				301A21CF2A7F4F5B00FAD1BF /* DonutChartView.swift */,
				301A21D02A7F4F5B00FAD1BF /* LineChartView.swift */,
				301A21D12A7F4F5B00FAD1BF /* BarChartView.swift */,
				301A21D22A7F4F5B00FAD1BF /* PieChartView.swift */,
			);
			path = View;
			sourceTree = "<group>";
		};
		301A21D32A7F4F5B00FAD1BF /* Model */ = {
			isa = PBXGroup;
			children = (
				301A21D42A7F4F5B00FAD1BF /* GraphType.swift */,
				301A21D52A7F4F5B00FAD1BF /* MonthlySpending.swift */,
			);
			path = Model;
			sourceTree = "<group>";
		};
		301A21D62A7F4F5C00FAD1BF /* ViewModel */ = {
			isa = PBXGroup;
			children = (
				301A21D72A7F4F5C00FAD1BF /* ChartViewModel.swift */,
			);
			path = ViewModel;
			sourceTree = "<group>";
		};
/* End PBXGroup section */

/* Begin PBXNativeTarget section */
		301A21BC2A7F4F3B00FAD1BF /* Chapter10 */ = {
			isa = PBXNativeTarget;
			buildConfigurationList = 301A21CB2A7F4F4000FAD1BF /* Build configuration list for PBXNativeTarget "Chapter10" */;
			buildPhases = (
				301A21B92A7F4F3B00FAD1BF /* Sources */,
				301A21BA2A7F4F3B00FAD1BF /* Frameworks */,
				301A21BB2A7F4F3B00FAD1BF /* Resources */,
			);
			buildRules = (
			);
			dependencies = (
			);
			name = Chapter10;
			productName = Chapter10;
			productReference = 301A21BD2A7F4F3B00FAD1BF /* Chapter10.app */;
			productType = "com.apple.product-type.application";
		};
/* End PBXNativeTarget section */

/* Begin PBXProject section */
		301A21B52A7F4F3B00FAD1BF /* Project object */ = {
			isa = PBXProject;
			attributes = {
				BuildIndependentTargetsInParallel = 1;
				LastSwiftUpdateCheck = 1500;
				LastUpgradeCheck = 1500;
				TargetAttributes = {
					301A21BC2A7F4F3B00FAD1BF = {
						CreatedOnToolsVersion = 15.0;
					};
				};
			};
			buildConfigurationList = 301A21B82A7F4F3B00FAD1BF /* Build configuration list for PBXProject "Chapter10" */;
			compatibilityVersion = "Xcode 14.0";
			developmentRegion = en;
			hasScannedForEncodings = 0;
			knownRegions = (
				en,
				Base,
			);
			mainGroup = 301A21B42A7F4F3B00FAD1BF;
			productRefGroup = 301A21BE2A7F4F3B00FAD1BF /* Products */;
			projectDirPath = "";
			projectRoot = "";
			targets = (
				301A21BC2A7F4F3B00FAD1BF /* Chapter10 */,
			);
		};
/* End PBXProject section */

/* Begin PBXResourcesBuildPhase section */
		301A21BB2A7F4F3B00FAD1BF /* Resources */ = {
			isa = PBXResourcesBuildPhase;
			buildActionMask = 2147483647;
			files = (
				301A21C82A7F4F4000FAD1BF /* Preview Assets.xcassets in Resources */,
				301A21C52A7F4F4000FAD1BF /* Assets.xcassets in Resources */,
			);
			runOnlyForDeploymentPostprocessing = 0;
		};
/* End PBXResourcesBuildPhase section */

/* Begin PBXSourcesBuildPhase section */
		301A21B92A7F4F3B00FAD1BF /* Sources */ = {
			isa = PBXSourcesBuildPhase;
			buildActionMask = 2147483647;
			files = (
				301A21DB2A7F4F5C00FAD1BF /* PieChartView.swift in Sources */,
				301A21DC2A7F4F5C00FAD1BF /* GraphType.swift in Sources */,
				301A21C32A7F4F3B00FAD1BF /* ContentView.swift in Sources */,
				301A21DD2A7F4F5C00FAD1BF /* MonthlySpending.swift in Sources */,
				301A21C12A7F4F3B00FAD1BF /* Chapter10App.swift in Sources */,
				301A21DA2A7F4F5C00FAD1BF /* BarChartView.swift in Sources */,
				301A21DE2A7F4F5C00FAD1BF /* ChartViewModel.swift in Sources */,
				301A21D82A7F4F5C00FAD1BF /* DonutChartView.swift in Sources */,
				301A21D92A7F4F5C00FAD1BF /* LineChartView.swift in Sources */,
			);
			runOnlyForDeploymentPostprocessing = 0;
		};
/* End PBXSourcesBuildPhase section */

/* Begin XCBuildConfiguration section */
		301A21C92A7F4F4000FAD1BF /* Debug */ = {
			isa = XCBuildConfiguration;
			buildSettings = {
				ALWAYS_SEARCH_USER_PATHS = NO;
				ASSETCATALOG_COMPILER_GENERATE_SWIFT_ASSET_SYMBOL_EXTENSIONS = YES;
				CLANG_ANALYZER_NONNULL = YES;
				CLANG_ANALYZER_NUMBER_OBJECT_CONVERSION = YES_AGGRESSIVE;
				CLANG_CXX_LANGUAGE_STANDARD = "gnu++20";
				CLANG_ENABLE_MODULES = YES;
				CLANG_ENABLE_OBJC_ARC = YES;
				CLANG_ENABLE_OBJC_WEAK = YES;
				CLANG_WARN_BLOCK_CAPTURE_AUTORELEASING = YES;
				CLANG_WARN_BOOL_CONVERSION = YES;
				CLANG_WARN_COMMA = YES;
				CLANG_WARN_CONSTANT_CONVERSION = YES;
				CLANG_WARN_DEPRECATED_OBJC_IMPLEMENTATIONS = YES;
				CLANG_WARN_DIRECT_OBJC_ISA_USAGE = YES_ERROR;
				CLANG_WARN_DOCUMENTATION_COMMENTS = YES;
				CLANG_WARN_EMPTY_BODY = YES;
				CLANG_WARN_ENUM_CONVERSION = YES;
				CLANG_WARN_INFINITE_RECURSION = YES;
				CLANG_WARN_INT_CONVERSION = YES;
				CLANG_WARN_NON_LITERAL_NULL_CONVERSION = YES;
				CLANG_WARN_OBJC_IMPLICIT_RETAIN_SELF = YES;
				CLANG_WARN_OBJC_LITERAL_CONVERSION = YES;
				CLANG_WARN_OBJC_ROOT_CLASS = YES_ERROR;
				CLANG_WARN_QUOTED_INCLUDE_IN_FRAMEWORK_HEADER = YES;
				CLANG_WARN_RANGE_LOOP_ANALYSIS = YES;
				CLANG_WARN_STRICT_PROTOTYPES = YES;
				CLANG_WARN_SUSPICIOUS_MOVE = YES;
				CLANG_WARN_UNGUARDED_AVAILABILITY = YES_AGGRESSIVE;
				CLANG_WARN_UNREACHABLE_CODE = YES;
				CLANG_WARN__DUPLICATE_METHOD_MATCH = YES;
				COPY_PHASE_STRIP = NO;
				DEBUG_INFORMATION_FORMAT = dwarf;
				ENABLE_STRICT_OBJC_MSGSEND = YES;
				ENABLE_TESTABILITY = YES;
				ENABLE_USER_SCRIPT_SANDBOXING = YES;
				GCC_C_LANGUAGE_STANDARD = gnu17;
				GCC_DYNAMIC_NO_PIC = NO;
				GCC_NO_COMMON_BLOCKS = YES;
				GCC_OPTIMIZATION_LEVEL = 0;
				GCC_PREPROCESSOR_DEFINITIONS = (
					"DEBUG=1",
					"$(inherited)",
				);
				GCC_WARN_64_TO_32_BIT_CONVERSION = YES;
				GCC_WARN_ABOUT_RETURN_TYPE = YES_ERROR;
				GCC_WARN_UNDECLARED_SELECTOR = YES;
				GCC_WARN_UNINITIALIZED_AUTOS = YES_AGGRESSIVE;
				GCC_WARN_UNUSED_FUNCTION = YES;
				GCC_WARN_UNUSED_VARIABLE = YES;
				IPHONEOS_DEPLOYMENT_TARGET = 17.0;
				LOCALIZATION_PREFERS_STRING_CATALOGS = YES;
				MTL_ENABLE_DEBUG_INFO = INCLUDE_SOURCE;
				MTL_FAST_MATH = YES;
				ONLY_ACTIVE_ARCH = YES;
				SDKROOT = iphoneos;
				SWIFT_ACTIVE_COMPILATION_CONDITIONS = "DEBUG $(inherited)";
				SWIFT_OPTIMIZATION_LEVEL = "-Onone";
			};
			name = Debug;
		};
		301A21CA2A7F4F4000FAD1BF /* Release */ = {
			isa = XCBuildConfiguration;
			buildSettings = {
				ALWAYS_SEARCH_USER_PATHS = NO;
				ASSETCATALOG_COMPILER_GENERATE_SWIFT_ASSET_SYMBOL_EXTENSIONS = YES;
				CLANG_ANALYZER_NONNULL = YES;
				CLANG_ANALYZER_NUMBER_OBJECT_CONVERSION = YES_AGGRESSIVE;
				CLANG_CXX_LANGUAGE_STANDARD = "gnu++20";
				CLANG_ENABLE_MODULES = YES;
				CLANG_ENABLE_OBJC_ARC = YES;
				CLANG_ENABLE_OBJC_WEAK = YES;
				CLANG_WARN_BLOCK_CAPTURE_AUTORELEASING = YES;
				CLANG_WARN_BOOL_CONVERSION = YES;
				CLANG_WARN_COMMA = YES;
				CLANG_WARN_CONSTANT_CONVERSION = YES;
				CLANG_WARN_DEPRECATED_OBJC_IMPLEMENTATIONS = YES;
				CLANG_WARN_DIRECT_OBJC_ISA_USAGE = YES_ERROR;
				CLANG_WARN_DOCUMENTATION_COMMENTS = YES;
				CLANG_WARN_EMPTY_BODY = YES;
				CLANG_WARN_ENUM_CONVERSION = YES;
				CLANG_WARN_INFINITE_RECURSION = YES;
				CLANG_WARN_INT_CONVERSION = YES;
				CLANG_WARN_NON_LITERAL_NULL_CONVERSION = YES;
				CLANG_WARN_OBJC_IMPLICIT_RETAIN_SELF = YES;
				CLANG_WARN_OBJC_LITERAL_CONVERSION = YES;
				CLANG_WARN_OBJC_ROOT_CLASS = YES_ERROR;
				CLANG_WARN_QUOTED_INCLUDE_IN_FRAMEWORK_HEADER = YES;
				CLANG_WARN_RANGE_LOOP_ANALYSIS = YES;
				CLANG_WARN_STRICT_PROTOTYPES = YES;
				CLANG_WARN_SUSPICIOUS_MOVE = YES;
				CLANG_WARN_UNGUARDED_AVAILABILITY = YES_AGGRESSIVE;
				CLANG_WARN_UNREACHABLE_CODE = YES;
				CLANG_WARN__DUPLICATE_METHOD_MATCH = YES;
				COPY_PHASE_STRIP = NO;
				DEBUG_INFORMATION_FORMAT = "dwarf-with-dsym";
				ENABLE_NS_ASSERTIONS = NO;
				ENABLE_STRICT_OBJC_MSGSEND = YES;
				ENABLE_USER_SCRIPT_SANDBOXING = YES;
				GCC_C_LANGUAGE_STANDARD = gnu17;
				GCC_NO_COMMON_BLOCKS = YES;
				GCC_WARN_64_TO_32_BIT_CONVERSION = YES;
				GCC_WARN_ABOUT_RETURN_TYPE = YES_ERROR;
				GCC_WARN_UNDECLARED_SELECTOR = YES;
				GCC_WARN_UNINITIALIZED_AUTOS = YES_AGGRESSIVE;
				GCC_WARN_UNUSED_FUNCTION = YES;
				GCC_WARN_UNUSED_VARIABLE = YES;
				IPHONEOS_DEPLOYMENT_TARGET = 17.0;
				LOCALIZATION_PREFERS_STRING_CATALOGS = YES;
				MTL_ENABLE_DEBUG_INFO = NO;
				MTL_FAST_MATH = YES;
				SDKROOT = iphoneos;
				SWIFT_COMPILATION_MODE = wholemodule;
				VALIDATE_PRODUCT = YES;
			};
			name = Release;
		};
		301A21CC2A7F4F4000FAD1BF /* Debug */ = {
			isa = XCBuildConfiguration;
			buildSettings = {
				ASSETCATALOG_COMPILER_APPICON_NAME = AppIcon;
				ASSETCATALOG_COMPILER_GLOBAL_ACCENT_COLOR_NAME = AccentColor;
				CODE_SIGN_STYLE = Automatic;
				CURRENT_PROJECT_VERSION = 1;
				DEVELOPMENT_ASSET_PATHS = "\"Chapter10/Preview Content\"";
				DEVELOPMENT_TEAM = 6W4YD5KNPW;
				ENABLE_PREVIEWS = YES;
				GENERATE_INFOPLIST_FILE = YES;
				INFOPLIST_KEY_UIApplicationSceneManifest_Generation = YES;
				INFOPLIST_KEY_UIApplicationSupportsIndirectInputEvents = YES;
				INFOPLIST_KEY_UILaunchScreen_Generation = YES;
				INFOPLIST_KEY_UISupportedInterfaceOrientations_iPad = "UIInterfaceOrientationPortrait UIInterfaceOrientationPortraitUpsideDown UIInterfaceOrientationLandscapeLeft UIInterfaceOrientationLandscapeRight";
				INFOPLIST_KEY_UISupportedInterfaceOrientations_iPhone = "UIInterfaceOrientationPortrait UIInterfaceOrientationLandscapeLeft UIInterfaceOrientationLandscapeRight";
				LD_RUNPATH_SEARCH_PATHS = (
					"$(inherited)",
					"@executable_path/Frameworks",
				);
				MARKETING_VERSION = 1.0;
				PRODUCT_BUNDLE_IDENTIFIER = com.jamesthang.Chapter10;
				PRODUCT_NAME = "$(TARGET_NAME)";
				SWIFT_EMIT_LOC_STRINGS = YES;
				SWIFT_VERSION = 5.0;
				TARGETED_DEVICE_FAMILY = "1,2";
			};
			name = Debug;
		};
		301A21CD2A7F4F4000FAD1BF /* Release */ = {
			isa = XCBuildConfiguration;
			buildSettings = {
				ASSETCATALOG_COMPILER_APPICON_NAME = AppIcon;
				ASSETCATALOG_COMPILER_GLOBAL_ACCENT_COLOR_NAME = AccentColor;
				CODE_SIGN_STYLE = Automatic;
				CURRENT_PROJECT_VERSION = 1;
				DEVELOPMENT_ASSET_PATHS = "\"Chapter10/Preview Content\"";
				DEVELOPMENT_TEAM = 6W4YD5KNPW;
				ENABLE_PREVIEWS = YES;
				GENERATE_INFOPLIST_FILE = YES;
				INFOPLIST_KEY_UIApplicationSceneManifest_Generation = YES;
				INFOPLIST_KEY_UIApplicationSupportsIndirectInputEvents = YES;
				INFOPLIST_KEY_UILaunchScreen_Generation = YES;
				INFOPLIST_KEY_UISupportedInterfaceOrientations_iPad = "UIInterfaceOrientationPortrait UIInterfaceOrientationPortraitUpsideDown UIInterfaceOrientationLandscapeLeft UIInterfaceOrientationLandscapeRight";
				INFOPLIST_KEY_UISupportedInterfaceOrientations_iPhone = "UIInterfaceOrientationPortrait UIInterfaceOrientationLandscapeLeft UIInterfaceOrientationLandscapeRight";
				LD_RUNPATH_SEARCH_PATHS = (
					"$(inherited)",
					"@executable_path/Frameworks",
				);
				MARKETING_VERSION = 1.0;
				PRODUCT_BUNDLE_IDENTIFIER = com.jamesthang.Chapter10;
				PRODUCT_NAME = "$(TARGET_NAME)";
				SWIFT_EMIT_LOC_STRINGS = YES;
				SWIFT_VERSION = 5.0;
				TARGETED_DEVICE_FAMILY = "1,2";
			};
			name = Release;
		};
/* End XCBuildConfiguration section */

/* Begin XCConfigurationList section */
		301A21B82A7F4F3B00FAD1BF /* Build configuration list for PBXProject "Chapter10" */ = {
			isa = XCConfigurationList;
			buildConfigurations = (
				301A21C92A7F4F4000FAD1BF /* Debug */,
				301A21CA2A7F4F4000FAD1BF /* Release */,
			);
			defaultConfigurationIsVisible = 0;
			defaultConfigurationName = Release;
		};
		301A21CB2A7F4F4000FAD1BF /* Build configuration list for PBXNativeTarget "Chapter10" */ = {
			isa = XCConfigurationList;
			buildConfigurations = (
				301A21CC2A7F4F4000FAD1BF /* Debug */,
				301A21CD2A7F4F4000FAD1BF /* Release */,
			);
			defaultConfigurationIsVisible = 0;
			defaultConfigurationName = Release;
		};
/* End XCConfigurationList section */
	};
	rootObject = 301A21B52A7F4F3B00FAD1BF /* Project object */;
}
